<?xml version="1.0" encoding="utf-8"?>
<Project ToolsVersion="4.0" xmlns="http://schemas.microsoft.com/developer/msbuild/2003">
  <ItemGroup>
    <Filter Include="Source Files">
      <UniqueIdentifier>{4FC737F1-C7A5-4376-A066-2A32D752A2FF}</UniqueIdentifier>
      <Extensions>cpp;c;cc;cxx;def;odl;idl;hpj;bat;asm;asmx</Extensions>
    </Filter>
    <Filter Include="Source Files\TinyXML">
      <UniqueIdentifier>{37bc395d-1fa1-46ea-a6d4-b3d4ac124fc3}</UniqueIdentifier>
    </Filter>
    <Filter Include="Source Files\Base64">
      <UniqueIdentifier>{9da25fbc-808c-4de5-884b-e9a848e1c393}</UniqueIdentifier>
    </Filter>
    <Filter Include="Source Files\Zlib">
      <UniqueIdentifier>{720467f6-5f03-4ea8-96aa-fed404297d98}</UniqueIdentifier>
    </Filter>
    <Filter Include="Header Files">
      <UniqueIdentifier>{93995380-89BD-4b04-88EB-625FBE52EBFB}</UniqueIdentifier>
      <Extensions>h;hpp;hxx;hm;inl;inc;xsd</Extensions>
    </Filter>
    <Filter Include="Header Files\TinyXML">
      <UniqueIdentifier>{64012f97-3bd6-4b04-82a6-336ce70e5500}</UniqueIdentifier>
    </Filter>
    <Filter Include="Header Files\Base64">
      <UniqueIdentifier>{4166d08d-05bf-40b7-9646-2a327a99bd5e}</UniqueIdentifier>
    </Filter>
    <Filter Include="Header Files\Zlib">
      <UniqueIdentifier>{60a557ae-4e7b-44ed-bccb-ecac830fb396}</UniqueIdentifier>
    </Filter>
  </ItemGroup>
  <ItemGroup>
    <ClCompile Include="TmxImage.cpp">
      <Filter>Source Files</Filter>
    </ClCompile>
    <ClCompile Include="TmxLayer.cpp">
      <Filter>Source Files</Filter>
    </ClCompile>
    <ClCompile Include="TmxMap.cpp">
      <Filter>Source Files</Filter>
    </ClCompile>
    <ClCompile Include="TmxObject.cpp">
      <Filter>Source Files</Filter>
    </ClCompile>
    <ClCompile Include="TmxObjectGroup.cpp">
      <Filter>Source Files</Filter>
    </ClCompile>
    <ClCompile Include="TmxPropertySet.cpp">
      <Filter>Source Files</Filter>
    </ClCompile>
    <ClCompile Include="TmxTile.cpp">
      <Filter>Source Files</Filter>
    </ClCompile>
    <ClCompile Include="TmxTileset.cpp">
      <Filter>Source Files</Filter>
    </ClCompile>
    <ClCompile Include="TmxUtil.cpp">
      <Filter>Source Files</Filter>
    </ClCompile>
    <ClCompile Include="tinyxml\tinystr.cpp">
      <Filter>Source Files\TinyXML</Filter>
    </ClCompile>
    <ClCompile Include="tinyxml\tinyxml.cpp">
      <Filter>Source Files\TinyXML</Filter>
    </ClCompile>
    <ClCompile Include="tinyxml\tinyxmlerror.cpp">
      <Filter>Source Files\TinyXML</Filter>
    </ClCompile>
    <ClCompile Include="tinyxml\tinyxmlparser.cpp">
      <Filter>Source Files\TinyXML</Filter>
    </ClCompile>
    <ClCompile Include="base64\base64.cpp">
      <Filter>Source Files\Base64</Filter>
    </ClCompile>
    <ClCompile Include="zlib\adler32.c">
      <Filter>Source Files\Zlib</Filter>
    </ClCompile>
    <ClCompile Include="zlib\compress.c">
      <Filter>Source Files\Zlib</Filter>
    </ClCompile>
    <ClCompile Include="zlib\crc32.c">
      <Filter>Source Files\Zlib</Filter>
    </ClCompile>
    <ClCompile Include="zlib\deflate.c">
      <Filter>Source Files\Zlib</Filter>
    </ClCompile>
    <ClCompile Include="zlib\gzclose.c">
      <Filter>Source Files\Zlib</Filter>
    </ClCompile>
    <ClCompile Include="zlib\gzlib.c">
      <Filter>Source Files\Zlib</Filter>
    </ClCompile>
    <ClCompile Include="zlib\gzread.c">
      <Filter>Source Files\Zlib</Filter>
    </ClCompile>
    <ClCompile Include="zlib\gzwrite.c">
      <Filter>Source Files\Zlib</Filter>
    </ClCompile>
    <ClCompile Include="zlib\infback.c">
      <Filter>Source Files\Zlib</Filter>
    </ClCompile>
    <ClCompile Include="zlib\inffast.c">
      <Filter>Source Files\Zlib</Filter>
    </ClCompile>
    <ClCompile Include="zlib\inflate.c">
      <Filter>Source Files\Zlib</Filter>
    </ClCompile>
    <ClCompile Include="zlib\inftrees.c">
      <Filter>Source Files\Zlib</Filter>
    </ClCompile>
    <ClCompile Include="zlib\trees.c">
      <Filter>Source Files\Zlib</Filter>
    </ClCompile>
    <ClCompile Include="zlib\uncompr.c">
      <Filter>Source Files\Zlib</Filter>
    </ClCompile>
    <ClCompile Include="zlib\zutil.c">
      <Filter>Source Files\Zlib</Filter>
    </ClCompile>
  </ItemGroup>
  <ItemGroup>
    <ClInclude Include="Tmx.h">
      <Filter>Header Files</Filter>
    </ClInclude>
    <ClInclude Include="TmxImage.h">
      <Filter>Header Files</Filter>
    </ClInclude>
    <ClInclude Include="TmxLayer.h">
      <Filter>Header Files</Filter>
    </ClInclude>
    <ClInclude Include="TmxMap.h">
      <Filter>Header Files</Filter>
    </ClInclude>
    <ClInclude Include="TmxMapTile.h">
      <Filter>Header Files</Filter>
    </ClInclude>
    <ClInclude Include="TmxObject.h">
      <Filter>Header Files</Filter>
    </ClInclude>
    <ClInclude Include="TmxObjectGroup.h">
      <Filter>Header Files</Filter>
    </ClInclude>
    <ClInclude Include="TmxPropertySet.h">
      <Filter>Header Files</Filter>
    </ClInclude>
    <ClInclude Include="TmxTile.h">
      <Filter>Header Files</Filter>
    </ClInclude>
    <ClInclude Include="TmxTileset.h">
      <Filter>Header Files</Filter>
    </ClInclude>
    <ClInclude Include="TmxUtil.h">
      <Filter>Header Files</Filter>
    </ClInclude>
    <ClInclude Include="tinyxml\tinystr.h">
      <Filter>Header Files\TinyXML</Filter>
    </ClInclude>
    <ClInclude Include="tinyxml\tinyxml.h">
      <Filter>Header Files\TinyXML</Filter>
    </ClInclude>
    <ClInclude Include="base64\base64.h">
      <Filter>Header Files\Base64</Filter>
    </ClInclude>
    <ClInclude Include="zlib\crc32.h">
      <Filter>Header Files\Zlib</Filter>
    </ClInclude>
    <ClInclude Include="zlib\deflate.h">
      <Filter>Header Files\Zlib</Filter>
    </ClInclude>
    <ClInclude Include="zlib\gzguts.h">
      <Filter>Header Files\Zlib</Filter>
    </ClInclude>
    <ClInclude Include="zlib\inffast.h">
      <Filter>Header Files\Zlib</Filter>
    </ClInclude>
    <ClInclude Include="zlib\inffixed.h">
      <Filter>Header Files\Zlib</Filter>
    </ClInclude>
    <ClInclude Include="zlib\inflate.h">
      <Filter>Header Files\Zlib</Filter>
    </ClInclude>
    <ClInclude Include="zlib\inftrees.h">
      <Filter>Header Files\Zlib</Filter>
    </ClInclude>
    <ClInclude Include="zlib\trees.h">
      <Filter>Header Files\Zlib</Filter>
    </ClInclude>
    <ClInclude Include="zlib\zconf.h">
      <Filter>Header Files\Zlib</Filter>
    </ClInclude>
    <ClInclude Include="zlib\zlib.h">
      <Filter>Header Files\Zlib</Filter>
    </ClInclude>
    <ClInclude Include="zlib\zutil.h">
      <Filter>Header Files\Zlib</Filter>
    </ClInclude>
  </ItemGroup>
</Project>